// !$*UTF8*$!
{
	archiveVersion = 1;
	classes = {
	};
	objectVersion = 50;
	objects = {

/* Begin PBXBuildFile section */
		83AB96FF252DF44E00C4941E /* AppDelegate.swift in Sources */ = {isa = PBXBuildFile; fileRef = 83AB96FE252DF44E00C4941E /* AppDelegate.swift */; };
		83AB9701252DF44E00C4941E /* SceneDelegate.swift in Sources */ = {isa = PBXBuildFile; fileRef = 83AB9700252DF44E00C4941E /* SceneDelegate.swift */; };
		83AB9703252DF44E00C4941E /* CalculatorViewController.swift in Sources */ = {isa = PBXBuildFile; fileRef = 83AB9702252DF44E00C4941E /* CalculatorViewController.swift */; };
		83AB9706252DF44E00C4941E /* Main.storyboard in Resources */ = {isa = PBXBuildFile; fileRef = 83AB9704252DF44E00C4941E /* Main.storyboard */; };
		83AB9708252DF45100C4941E /* Assets.xcassets in Resources */ = {isa = PBXBuildFile; fileRef = 83AB9707252DF45100C4941E /* Assets.xcassets */; };
		83AB970B252DF45100C4941E /* LaunchScreen.storyboard in Resources */ = {isa = PBXBuildFile; fileRef = 83AB9709252DF45100C4941E /* LaunchScreen.storyboard */; };
		83AB9715252DF67300C4941E /* ResultsViewController.swift in Sources */ = {isa = PBXBuildFile; fileRef = 83AB9714252DF67300C4941E /* ResultsViewController.swift */; };
		83AB9717252DF7A300C4941E /* CalculatorBrain.swift in Sources */ = {isa = PBXBuildFile; fileRef = 83AB9716252DF7A300C4941E /* CalculatorBrain.swift */; };
/* End PBXBuildFile section */

/* Begin PBXFileReference section */
		83AB96FB252DF44E00C4941E /* Tip.app */ = {isa = PBXFileReference; explicitFileType = wrapper.application; includeInIndex = 0; path = Tip.app; sourceTree = BUILT_PRODUCTS_DIR; };
		83AB96FE252DF44E00C4941E /* AppDelegate.swift */ = {isa = PBXFileReference; lastKnownFileType = sourcecode.swift; path = AppDelegate.swift; sourceTree = "<group>"; };
		83AB9700252DF44E00C4941E /* SceneDelegate.swift */ = {isa = PBXFileReference; lastKnownFileType = sourcecode.swift; path = SceneDelegate.swift; sourceTree = "<group>"; };
		83AB9702252DF44E00C4941E /* CalculatorViewController.swift */ = {isa = PBXFileReference; lastKnownFileType = sourcecode.swift; path = CalculatorViewController.swift; sourceTree = "<group>"; };
		83AB9705252DF44E00C4941E /* Base */ = {isa = PBXFileReference; lastKnownFileType = file.storyboard; name = Base; path = Base.lproj/Main.storyboard; sourceTree = "<group>"; };
		83AB9707252DF45100C4941E /* Assets.xcassets */ = {isa = PBXFileReference; lastKnownFileType = folder.assetcatalog; path = Assets.xcassets; sourceTree = "<group>"; };
		83AB970A252DF45100C4941E /* Base */ = {isa = PBXFileReference; lastKnownFileType = file.storyboard; name = Base; path = Base.lproj/LaunchScreen.storyboard; sourceTree = "<group>"; };
		83AB970C252DF45100C4941E /* Info.plist */ = {isa = PBXFileReference; lastKnownFileType = text.plist.xml; path = Info.plist; sourceTree = "<group>"; };
		83AB9714252DF67300C4941E /* ResultsViewController.swift */ = {isa = PBXFileReference; lastKnownFileType = sourcecode.swift; path = ResultsViewController.swift; sourceTree = "<group>"; };
		83AB9716252DF7A300C4941E /* CalculatorBrain.swift */ = {isa = PBXFileReference; lastKnownFileType = sourcecode.swift; path = CalculatorBrain.swift; sourceTree = "<group>"; };
/* End PBXFileReference section */

/* Begin PBXFrameworksBuildPhase section */
		83AB96F8252DF44E00C4941E /* Frameworks */ = {
			isa = PBXFrameworksBuildPhase;
			buildActionMask = 2147483647;
			files = (
			);
			runOnlyForDeploymentPostprocessing = 0;
		};
/* End PBXFrameworksBuildPhase section */

/* Begin PBXGroup section */
		83AB96F2252DF44E00C4941E = {
			isa = PBXGroup;
			children = (
				83AB96FD252DF44E00C4941E /* Tip */,
				83AB96FC252DF44E00C4941E /* Products */,
			);
			sourceTree = "<group>";
		};
		83AB96FC252DF44E00C4941E /* Products */ = {
			isa = PBXGroup;
			children = (
				83AB96FB252DF44E00C4941E /* Tip.app */,
			);
			name = Products;
			sourceTree = "<group>";
		};
		83AB96FD252DF44E00C4941E /* Tip */ = {
			isa = PBXGroup;
			children = (
				83AB96FE252DF44E00C4941E /* AppDelegate.swift */,
				83AB9700252DF44E00C4941E /* SceneDelegate.swift */,
				83AB9718252DF7A900C4941E /* Model */,
				83AB9713252DF59400C4941E /* View */,
				83AB9712252DF57E00C4941E /* Controllers */,
				83AB9707252DF45100C4941E /* Assets.xcassets */,
				83AB9709252DF45100C4941E /* LaunchScreen.storyboard */,
				83AB970C252DF45100C4941E /* Info.plist */,
			);
			path = Tip;
			sourceTree = "<group>";
		};
		83AB9712252DF57E00C4941E /* Controllers */ = {
			isa = PBXGroup;
			children = (
				83AB9702252DF44E00C4941E /* CalculatorViewController.swift */,
				83AB9714252DF67300C4941E /* ResultsViewController.swift */,
			);
			path = Controllers;
			sourceTree = "<group>";
		};
		83AB9713252DF59400C4941E /* View */ = {
			isa = PBXGroup;
			children = (
				83AB9704252DF44E00C4941E /* Main.storyboard */,
			);
			path = View;
			sourceTree = "<group>";
		};
		83AB9718252DF7A900C4941E /* Model */ = {
			isa = PBXGroup;
			children = (
				83AB9716252DF7A300C4941E /* CalculatorBrain.swift */,
			);
			path = Model;
			sourceTree = "<group>";
		};
/* End PBXGroup section */

/* Begin PBXNativeTarget section */
		83AB96FA252DF44E00C4941E /* Tip */ = {
			isa = PBXNativeTarget;
			buildConfigurationList = 83AB970F252DF45100C4941E /* Build configuration list for PBXNativeTarget "Tip" */;
			buildPhases = (
				83AB96F7252DF44E00C4941E /* Sources */,
				83AB96F8252DF44E00C4941E /* Frameworks */,
				83AB96F9252DF44E00C4941E /* Resources */,
			);
			buildRules = (
			);
			dependencies = (
			);
			name = Tip;
			productName = Tip;
			productReference = 83AB96FB252DF44E00C4941E /* Tip.app */;
			productType = "com.apple.product-type.application";
		};
/* End PBXNativeTarget section */

/* Begin PBXProject section */
		83AB96F3252DF44E00C4941E /* Project object */ = {
			isa = PBXProject;
			attributes = {
				LastSwiftUpdateCheck = 1170;
				LastUpgradeCheck = 1170;
				ORGANIZATIONNAME = "Chris Yarosh Development";
				TargetAttributes = {
					83AB96FA252DF44E00C4941E = {
						CreatedOnToolsVersion = 11.7;
					};
				};
			};
			buildConfigurationList = 83AB96F6252DF44E00C4941E /* Build configuration list for PBXProject "Tip" */;
			compatibilityVersion = "Xcode 9.3";
			developmentRegion = en;
			hasScannedForEncodings = 0;
			knownRegions = (
				en,
				Base,
			);
			mainGroup = 83AB96F2252DF44E00C4941E;
			productRefGroup = 83AB96FC252DF44E00C4941E /* Products */;
			projectDirPath = "";
			projectRoot = "";
			targets = (
				83AB96FA252DF44E00C4941E /* Tip */,
			);
		};
/* End PBXProject section */

/* Begin PBXResourcesBuildPhase section */
		83AB96F9252DF44E00C4941E /* Resources */ = {
			isa = PBXResourcesBuildPhase;
			buildActionMask = 2147483647;
			files = (
				83AB970B252DF45100C4941E /* LaunchScreen.storyboard in Resources */,
				83AB9708252DF45100C4941E /* Assets.xcassets in Resources */,
				83AB9706252DF44E00C4941E /* Main.storyboard in Resources */,
			);
			runOnlyForDeploymentPostprocessing = 0;
		};
/* End PBXResourcesBuildPhase section */

/* Begin PBXSourcesBuildPhase section */
		83AB96F7252DF44E00C4941E /* Sources */ = {
			isa = PBXSourcesBuildPhase;
			buildActionMask = 2147483647;
			files = (
				83AB9703252DF44E00C4941E /* CalculatorViewController.swift in Sources */,
				83AB96FF252DF44E00C4941E /* AppDelegate.swift in Sources */,
				83AB9701252DF44E00C4941E /* SceneDelegate.swift in Sources */,
				83AB9717252DF7A300C4941E /* CalculatorBrain.swift in Sources */,
				83AB9715252DF67300C4941E /* ResultsViewController.swift in Sources */,
			);
			runOnlyForDeploymentPostprocessing = 0;
		};
/* End PBXSourcesBuildPhase section */

/* Begin PBXVariantGroup section */
		83AB9704252DF44E00C4941E /* Main.storyboard */ = {
			isa = PBXVariantGroup;
			children = (
				83AB9705252DF44E00C4941E /* Base */,
			);
			name = Main.storyboard;
			sourceTree = "<group>";
		};
		83AB9709252DF45100C4941E /* LaunchScreen.storyboard */ = {
			isa = PBXVariantGroup;
			children = (
				83AB970A252DF45100C4941E /* Base */,
			);
			name = LaunchScreen.storyboard;
			sourceTree = "<group>";
		};
/* End PBXVariantGroup section */

/* Begin XCBuildConfiguration section */
		83AB970D252DF45100C4941E /* Debug */ = {
			isa = XCBuildConfiguration;
			buildSettings = {
				ALWAYS_SEARCH_USER_PATHS = NO;
				CLANG_ANALYZER_NONNULL = YES;
				CLANG_ANALYZER_NUMBER_OBJECT_CONVERSION = YES_AGGRESSIVE;
				CLANG_CXX_LANGUAGE_STANDARD = "gnu++14";
				CLANG_CXX_LIBRARY = "libc++";
				CLANG_ENABLE_MODULES = YES;
				CLANG_ENABLE_OBJC_ARC = YES;
				CLANG_ENABLE_OBJC_WEAK = YES;
				CLANG_WARN_BLOCK_CAPTURE_AUTORELEASING = YES;
				CLANG_WARN_BOOL_CONVERSION = YES;
				CLANG_WARN_COMMA = YES;
				CLANG_WARN_CONSTANT_CONVERSION = YES;
				CLANG_WARN_DEPRECATED_OBJC_IMPLEMENTATIONS = YES;
				CLANG_WARN_DIRECT_OBJC_ISA_USAGE = YES_ERROR;
				CLANG_WARN_DOCUMENTATION_COMMENTS = YES;
				CLANG_WARN_EMPTY_BODY = YES;
				CLANG_WARN_ENUM_CONVERSION = YES;
				CLANG_WARN_INFINITE_RECURSION = YES;
				CLANG_WARN_INT_CONVERSION = YES;
				CLANG_WARN_NON_LITERAL_NULL_CONVERSION = YES;
				CLANG_WARN_OBJC_IMPLICIT_RETAIN_SELF = YES;
				CLANG_WARN_OBJC_LITERAL_CONVERSION = YES;
				CLANG_WARN_OBJC_ROOT_CLASS = YES_ERROR;
				CLANG_WARN_RANGE_LOOP_ANALYSIS = YES;
				CLANG_WARN_STRICT_PROTOTYPES = YES;
				CLANG_WARN_SUSPICIOUS_MOVE = YES;
				CLANG_WARN_UNGUARDED_AVAILABILITY = YES_AGGRESSIVE;
				CLANG_WARN_UNREACHABLE_CODE = YES;
				CLANG_WARN__DUPLICATE_METHOD_MATCH = YES;
				COPY_PHASE_STRIP = NO;
				DEBUG_INFORMATION_FORMAT = dwarf;
				ENABLE_STRICT_OBJC_MSGSEND = YES;
				ENABLE_TESTABILITY = YES;
				GCC_C_LANGUAGE_STANDARD = gnu11;
				GCC_DYNAMIC_NO_PIC = NO;
				GCC_NO_COMMON_BLOCKS = YES;
				GCC_OPTIMIZATION_LEVEL = 0;
				GCC_PREPROCESSOR_DEFINITIONS = (
					"DEBUG=1",
					"$(inherited)",
				);
				GCC_WARN_64_TO_32_BIT_CONVERSION = YES;
				GCC_WARN_ABOUT_RETURN_TYPE = YES_ERROR;
				GCC_WARN_UNDECLARED_SELECTOR = YES;
				GCC_WARN_UNINITIALIZED_AUTOS = YES_AGGRESSIVE;
				GCC_WARN_UNUSED_FUNCTION = YES;
				GCC_WARN_UNUSED_VARIABLE = YES;
				IPHONEOS_DEPLOYMENT_TARGET = 13.7;
				MTL_ENABLE_DEBUG_INFO = INCLUDE_SOURCE;
				MTL_FAST_MATH = YES;
				ONLY_ACTIVE_ARCH = YES;
				SDKROOT = iphoneos;
				SWIFT_ACTIVE_COMPILATION_CONDITIONS = DEBUG;
				SWIFT_OPTIMIZATION_LEVEL = "-Onone";
			};
			name = Debug;
		};
		83AB970E252DF45100C4941E /* Release */ = {
			isa = XCBuildConfiguration;
			buildSettings = {
				ALWAYS_SEARCH_USER_PATHS = NO;
				CLANG_ANALYZER_NONNULL = YES;
				CLANG_ANALYZER_NUMBER_OBJECT_CONVERSION = YES_AGGRESSIVE;
				CLANG_CXX_LANGUAGE_STANDARD = "gnu++14";
				CLANG_CXX_LIBRARY = "libc++";
				CLANG_ENABLE_MODULES = YES;
				CLANG_ENABLE_OBJC_ARC = YES;
				CLANG_ENABLE_OBJC_WEAK = YES;
				CLANG_WARN_BLOCK_CAPTURE_AUTORELEASING = YES;
				CLANG_WARN_BOOL_CONVERSION = YES;
				CLANG_WARN_COMMA = YES;
				CLANG_WARN_CONSTANT_CONVERSION = YES;
				CLANG_WARN_DEPRECATED_OBJC_IMPLEMENTATIONS = YES;
				CLANG_WARN_DIRECT_OBJC_ISA_USAGE = YES_ERROR;
				CLANG_WARN_DOCUMENTATION_COMMENTS = YES;
				CLANG_WARN_EMPTY_BODY = YES;
				CLANG_WARN_ENUM_CONVERSION = YES;
				CLANG_WARN_INFINITE_RECURSION = YES;
				CLANG_WARN_INT_CONVERSION = YES;
				CLANG_WARN_NON_LITERAL_NULL_CONVERSION = YES;
				CLANG_WARN_OBJC_IMPLICIT_RETAIN_SELF = YES;
				CLANG_WARN_OBJC_LITERAL_CONVERSION = YES;
				CLANG_WARN_OBJC_ROOT_CLASS = YES_ERROR;
				CLANG_WARN_RANGE_LOOP_ANALYSIS = YES;
				CLANG_WARN_STRICT_PROTOTYPES = YES;
				CLANG_WARN_SUSPICIOUS_MOVE = YES;
				CLANG_WARN_UNGUARDED_AVAILABILITY = YES_AGGRESSIVE;
				CLANG_WARN_UNREACHABLE_CODE = YES;
				CLANG_WARN__DUPLICATE_METHOD_MATCH = YES;
				COPY_PHASE_STRIP = NO;
				DEBUG_INFORMATION_FORMAT = "dwarf-with-dsym";
				ENABLE_NS_ASSERTIONS = NO;
				ENABLE_STRICT_OBJC_MSGSEND = YES;
				GCC_C_LANGUAGE_STANDARD = gnu11;
				GCC_NO_COMMON_BLOCKS = YES;
				GCC_WARN_64_TO_32_BIT_CONVERSION = YES;
				GCC_WARN_ABOUT_RETURN_TYPE = YES_ERROR;
				GCC_WARN_UNDECLARED_SELECTOR = YES;
				GCC_WARN_UNINITIALIZED_AUTOS = YES_AGGRESSIVE;
				GCC_WARN_UNUSED_FUNCTION = YES;
				GCC_WARN_UNUSED_VARIABLE = YES;
				IPHONEOS_DEPLOYMENT_TARGET = 13.7;
				MTL_ENABLE_DEBUG_INFO = NO;
				MTL_FAST_MATH = YES;
				SDKROOT = iphoneos;
				SWIFT_COMPILATION_MODE = wholemodule;
				SWIFT_OPTIMIZATION_LEVEL = "-O";
				VALIDATE_PRODUCT = YES;
			};
			name = Release;
		};
		83AB9710252DF45100C4941E /* Debug */ = {
			isa = XCBuildConfiguration;
			buildSettings = {
				ASSETCATALOG_COMPILER_APPICON_NAME = AppIcon;
				CODE_SIGN_STYLE = Automatic;
				INFOPLIST_FILE = Tip/Info.plist;
				LD_RUNPATH_SEARCH_PATHS = (
					"$(inherited)",
					"@executable_path/Frameworks",
				);
				PRODUCT_BUNDLE_IDENTIFIER = com.CYDev.Tip;
				PRODUCT_NAME = "$(TARGET_NAME)";
				SWIFT_VERSION = 5.0;
				TARGETED_DEVICE_FAMILY = "1,2";
			};
			name = Debug;
		};
		83AB9711252DF45100C4941E /* Release */ = {
			isa = XCBuildConfiguration;
			buildSettings = {
				ASSETCATALOG_COMPILER_APPICON_NAME = AppIcon;
				CODE_SIGN_STYLE = Automatic;
				INFOPLIST_FILE = Tip/Info.plist;
				LD_RUNPATH_SEARCH_PATHS = (
					"$(inherited)",
					"@executable_path/Frameworks",
				);
				PRODUCT_BUNDLE_IDENTIFIER = com.CYDev.Tip;
				PRODUCT_NAME = "$(TARGET_NAME)";
				SWIFT_VERSION = 5.0;
				TARGETED_DEVICE_FAMILY = "1,2";
			};
			name = Release;
		};
/* End XCBuildConfiguration section */

/* Begin XCConfigurationList section */
		83AB96F6252DF44E00C4941E /* Build configuration list for PBXProject "Tip" */ = {
			isa = XCConfigurationList;
			buildConfigurations = (
				83AB970D252DF45100C4941E /* Debug */,
				83AB970E252DF45100C4941E /* Release */,
			);
			defaultConfigurationIsVisible = 0;
			defaultConfigurationName = Release;
		};
		83AB970F252DF45100C4941E /* Build configuration list for PBXNativeTarget "Tip" */ = {
			isa = XCConfigurationList;
			buildConfigurations = (
				83AB9710252DF45100C4941E /* Debug */,
				83AB9711252DF45100C4941E /* Release */,
			);
			defaultConfigurationIsVisible = 0;
			defaultConfigurationName = Release;
		};
/* End XCConfigurationList section */
	};
	rootObject = 83AB96F3252DF44E00C4941E /* Project object */;
}
